// !$*UTF8*$!
{
	archiveVersion = 1;
	classes = {
	};
	objectVersion = 50;
	objects = {

/* Begin PBXBuildFile section */
		E08F3C5E23D9411C00069ED2 /* CategoryTableViewCell.swift in Sources */ = {isa = PBXBuildFile; fileRef = E08F3C5D23D9411C00069ED2 /* CategoryTableViewCell.swift */; };
		E08F3C6023D9486900069ED2 /* NotesTableViewController.swift in Sources */ = {isa = PBXBuildFile; fileRef = E08F3C5F23D9486900069ED2 /* NotesTableViewController.swift */; };
		E08F3C6423D9592700069ED2 /* NotesTableViewCell.swift in Sources */ = {isa = PBXBuildFile; fileRef = E08F3C6323D9592700069ED2 /* NotesTableViewCell.swift */; };
		E08F3C6823DA5A8E00069ED2 /* DetailTaskViewController.swift in Sources */ = {isa = PBXBuildFile; fileRef = E08F3C6723DA5A8E00069ED2 /* DetailTaskViewController.swift */; };
		E08F3C6A23DA5CED00069ED2 /* mapLocationViewController.swift in Sources */ = {isa = PBXBuildFile; fileRef = E08F3C6923DA5CED00069ED2 /* mapLocationViewController.swift */; };
		E09506A123DE1DAB00EBFFF0 /* sort.png in Resources */ = {isa = PBXBuildFile; fileRef = E09506A023DE1DAB00EBFFF0 /* sort.png */; };
		E09506A723DE4A1800EBFFF0 /* ChooseCategoryTableViewController.swift in Sources */ = {isa = PBXBuildFile; fileRef = E09506A623DE4A1800EBFFF0 /* ChooseCategoryTableViewController.swift */; };
		E09506A923DE4CAD00EBFFF0 /* ChooseCategoryTableViewCell.swift in Sources */ = {isa = PBXBuildFile; fileRef = E09506A823DE4CAD00EBFFF0 /* ChooseCategoryTableViewCell.swift */; };
		E09506AB23DF783F00EBFFF0 /* AddNewNoteViewController.swift in Sources */ = {isa = PBXBuildFile; fileRef = E09506AA23DF783F00EBFFF0 /* AddNewNoteViewController.swift */; };
		E09506AF23DF8B3E00EBFFF0 /* PopupViewController.swift in Sources */ = {isa = PBXBuildFile; fileRef = E09506AE23DF8B3E00EBFFF0 /* PopupViewController.swift */; };
		E0BC001723DD0C470086DA46 /* music-and-multimedia.png in Resources */ = {isa = PBXBuildFile; fileRef = E0BC001623DD0C470086DA46 /* music-and-multimedia.png */; };
		E0BC001B23DD0C570086DA46 /* pin.png in Resources */ = {isa = PBXBuildFile; fileRef = E0BC001823DD0C570086DA46 /* pin.png */; };
		E0BC001C23DD0C570086DA46 /* trash.png in Resources */ = {isa = PBXBuildFile; fileRef = E0BC001923DD0C570086DA46 /* trash.png */; };
		E0BC001D23DD0C570086DA46 /* shutter.png in Resources */ = {isa = PBXBuildFile; fileRef = E0BC001A23DD0C570086DA46 /* shutter.png */; };
		E0BC002223DD0DBF0086DA46 /* microphone.png in Resources */ = {isa = PBXBuildFile; fileRef = E0BC001E23DD0DBF0086DA46 /* microphone.png */; };
		E0BC002323DD0DBF0086DA46 /* pin (1).png in Resources */ = {isa = PBXBuildFile; fileRef = E0BC001F23DD0DBF0086DA46 /* pin (1).png */; };
		E0BC002423DD0DBF0086DA46 /* bin.png in Resources */ = {isa = PBXBuildFile; fileRef = E0BC002023DD0DBF0086DA46 /* bin.png */; };
		E0BC002523DD0DBF0086DA46 /* camera.png in Resources */ = {isa = PBXBuildFile; fileRef = E0BC002123DD0DBF0086DA46 /* camera.png */; };
		E0F21CBC23D9314900489FC2 /* AppDelegate.swift in Sources */ = {isa = PBXBuildFile; fileRef = E0F21CBB23D9314900489FC2 /* AppDelegate.swift */; };
		E0F21CBE23D9314900489FC2 /* SceneDelegate.swift in Sources */ = {isa = PBXBuildFile; fileRef = E0F21CBD23D9314900489FC2 /* SceneDelegate.swift */; };
		E0F21CC323D9314900489FC2 /* Main.storyboard in Resources */ = {isa = PBXBuildFile; fileRef = E0F21CC123D9314900489FC2 /* Main.storyboard */; };
		E0F21CC623D9314900489FC2 /* error404_FInalProject.xcdatamodeld in Sources */ = {isa = PBXBuildFile; fileRef = E0F21CC423D9314900489FC2 /* error404_FInalProject.xcdatamodeld */; };
		E0F21CC823D9314A00489FC2 /* Assets.xcassets in Resources */ = {isa = PBXBuildFile; fileRef = E0F21CC723D9314A00489FC2 /* Assets.xcassets */; };
		E0F21CCB23D9314A00489FC2 /* LaunchScreen.storyboard in Resources */ = {isa = PBXBuildFile; fileRef = E0F21CC923D9314A00489FC2 /* LaunchScreen.storyboard */; };
		E0F21CD323D931A100489FC2 /* CategoryTableViewController.swift in Sources */ = {isa = PBXBuildFile; fileRef = E0F21CD223D931A100489FC2 /* CategoryTableViewController.swift */; };
		E0F21CD823D93A0400489FC2 /* Note.swift in Sources */ = {isa = PBXBuildFile; fileRef = E0F21CD723D93A0400489FC2 /* Note.swift */; };
/* End PBXBuildFile section */

/* Begin PBXFileReference section */
		E08F3C5D23D9411C00069ED2 /* CategoryTableViewCell.swift */ = {isa = PBXFileReference; lastKnownFileType = sourcecode.swift; path = CategoryTableViewCell.swift; sourceTree = "<group>"; };
		E08F3C5F23D9486900069ED2 /* NotesTableViewController.swift */ = {isa = PBXFileReference; lastKnownFileType = sourcecode.swift; path = NotesTableViewController.swift; sourceTree = "<group>"; };
		E08F3C6323D9592700069ED2 /* NotesTableViewCell.swift */ = {isa = PBXFileReference; lastKnownFileType = sourcecode.swift; path = NotesTableViewCell.swift; sourceTree = "<group>"; };
		E08F3C6723DA5A8E00069ED2 /* DetailTaskViewController.swift */ = {isa = PBXFileReference; lastKnownFileType = sourcecode.swift; path = DetailTaskViewController.swift; sourceTree = "<group>"; };
		E08F3C6923DA5CED00069ED2 /* mapLocationViewController.swift */ = {isa = PBXFileReference; lastKnownFileType = sourcecode.swift; path = mapLocationViewController.swift; sourceTree = "<group>"; };
		E09506A023DE1DAB00EBFFF0 /* sort.png */ = {isa = PBXFileReference; lastKnownFileType = image.png; path = sort.png; sourceTree = "<group>"; };
		E09506A623DE4A1800EBFFF0 /* ChooseCategoryTableViewController.swift */ = {isa = PBXFileReference; lastKnownFileType = sourcecode.swift; path = ChooseCategoryTableViewController.swift; sourceTree = "<group>"; };
		E09506A823DE4CAD00EBFFF0 /* ChooseCategoryTableViewCell.swift */ = {isa = PBXFileReference; lastKnownFileType = sourcecode.swift; path = ChooseCategoryTableViewCell.swift; sourceTree = "<group>"; };
		E09506AA23DF783F00EBFFF0 /* AddNewNoteViewController.swift */ = {isa = PBXFileReference; lastKnownFileType = sourcecode.swift; path = AddNewNoteViewController.swift; sourceTree = "<group>"; };
		E09506AE23DF8B3E00EBFFF0 /* PopupViewController.swift */ = {isa = PBXFileReference; lastKnownFileType = sourcecode.swift; path = PopupViewController.swift; sourceTree = "<group>"; };
		E0BC001623DD0C470086DA46 /* music-and-multimedia.png */ = {isa = PBXFileReference; lastKnownFileType = image.png; path = "music-and-multimedia.png"; sourceTree = "<group>"; };
		E0BC001823DD0C570086DA46 /* pin.png */ = {isa = PBXFileReference; lastKnownFileType = image.png; path = pin.png; sourceTree = "<group>"; };
		E0BC001923DD0C570086DA46 /* trash.png */ = {isa = PBXFileReference; lastKnownFileType = image.png; path = trash.png; sourceTree = "<group>"; };
		E0BC001A23DD0C570086DA46 /* shutter.png */ = {isa = PBXFileReference; lastKnownFileType = image.png; path = shutter.png; sourceTree = "<group>"; };
		E0BC001E23DD0DBF0086DA46 /* microphone.png */ = {isa = PBXFileReference; lastKnownFileType = image.png; path = microphone.png; sourceTree = "<group>"; };
		E0BC001F23DD0DBF0086DA46 /* pin (1).png */ = {isa = PBXFileReference; lastKnownFileType = image.png; path = "pin (1).png"; sourceTree = "<group>"; };
		E0BC002023DD0DBF0086DA46 /* bin.png */ = {isa = PBXFileReference; lastKnownFileType = image.png; path = bin.png; sourceTree = "<group>"; };
		E0BC002123DD0DBF0086DA46 /* camera.png */ = {isa = PBXFileReference; lastKnownFileType = image.png; path = camera.png; sourceTree = "<group>"; };
		E0F21CB823D9314900489FC2 /* error404_FInalProject.app */ = {isa = PBXFileReference; explicitFileType = wrapper.application; includeInIndex = 0; path = error404_FInalProject.app; sourceTree = BUILT_PRODUCTS_DIR; };
		E0F21CBB23D9314900489FC2 /* AppDelegate.swift */ = {isa = PBXFileReference; lastKnownFileType = sourcecode.swift; path = AppDelegate.swift; sourceTree = "<group>"; };
		E0F21CBD23D9314900489FC2 /* SceneDelegate.swift */ = {isa = PBXFileReference; lastKnownFileType = sourcecode.swift; path = SceneDelegate.swift; sourceTree = "<group>"; };
		E0F21CC223D9314900489FC2 /* Base */ = {isa = PBXFileReference; lastKnownFileType = file.storyboard; name = Base; path = Base.lproj/Main.storyboard; sourceTree = "<group>"; };
		E0F21CC523D9314900489FC2 /* error404_FInalProject.xcdatamodel */ = {isa = PBXFileReference; lastKnownFileType = wrapper.xcdatamodel; path = error404_FInalProject.xcdatamodel; sourceTree = "<group>"; };
		E0F21CC723D9314A00489FC2 /* Assets.xcassets */ = {isa = PBXFileReference; lastKnownFileType = folder.assetcatalog; path = Assets.xcassets; sourceTree = "<group>"; };
		E0F21CCA23D9314A00489FC2 /* Base */ = {isa = PBXFileReference; lastKnownFileType = file.storyboard; name = Base; path = Base.lproj/LaunchScreen.storyboard; sourceTree = "<group>"; };
		E0F21CCC23D9314A00489FC2 /* Info.plist */ = {isa = PBXFileReference; lastKnownFileType = text.plist.xml; path = Info.plist; sourceTree = "<group>"; };
		E0F21CD223D931A100489FC2 /* CategoryTableViewController.swift */ = {isa = PBXFileReference; lastKnownFileType = sourcecode.swift; path = CategoryTableViewController.swift; sourceTree = "<group>"; };
		E0F21CD723D93A0400489FC2 /* Note.swift */ = {isa = PBXFileReference; lastKnownFileType = sourcecode.swift; path = Note.swift; sourceTree = "<group>"; };
/* End PBXFileReference section */

/* Begin PBXFrameworksBuildPhase section */
		E0F21CB523D9314900489FC2 /* Frameworks */ = {
			isa = PBXFrameworksBuildPhase;
			buildActionMask = 2147483647;
			files = (
			);
			runOnlyForDeploymentPostprocessing = 0;
		};
/* End PBXFrameworksBuildPhase section */

/* Begin PBXGroup section */
		E08F3C5C23D940F900069ED2 /* Custom Cells */ = {
			isa = PBXGroup;
			children = (
				E08F3C5D23D9411C00069ED2 /* CategoryTableViewCell.swift */,
				E08F3C6323D9592700069ED2 /* NotesTableViewCell.swift */,
				E09506A823DE4CAD00EBFFF0 /* ChooseCategoryTableViewCell.swift */,
			);
			path = "Custom Cells";
			sourceTree = "<group>";
		};
		E0F21CAF23D9314900489FC2 = {
			isa = PBXGroup;
			children = (
				E0F21CBA23D9314900489FC2 /* error404_FInalProject */,
				E0F21CB923D9314900489FC2 /* Products */,
			);
			sourceTree = "<group>";
		};
		E0F21CB923D9314900489FC2 /* Products */ = {
			isa = PBXGroup;
			children = (
				E0F21CB823D9314900489FC2 /* error404_FInalProject.app */,
			);
			name = Products;
			sourceTree = "<group>";
		};
		E0F21CBA23D9314900489FC2 /* error404_FInalProject */ = {
			isa = PBXGroup;
			children = (
				E08F3C5C23D940F900069ED2 /* Custom Cells */,
				E0F21CD923D93AA600489FC2 /* View Controllers */,
				E0F21CD423D939A700489FC2 /* Model Class */,
				E0F21CBB23D9314900489FC2 /* AppDelegate.swift */,
				E0F21CBD23D9314900489FC2 /* SceneDelegate.swift */,
				E0F21CC123D9314900489FC2 /* Main.storyboard */,
				E0BC001623DD0C470086DA46 /* music-and-multimedia.png */,
				E0BC001823DD0C570086DA46 /* pin.png */,
				E0BC002023DD0DBF0086DA46 /* bin.png */,
				E0BC002123DD0DBF0086DA46 /* camera.png */,
				E09506A023DE1DAB00EBFFF0 /* sort.png */,
				E0BC001E23DD0DBF0086DA46 /* microphone.png */,
				E0BC001F23DD0DBF0086DA46 /* pin (1).png */,
				E0BC001A23DD0C570086DA46 /* shutter.png */,
				E0BC001923DD0C570086DA46 /* trash.png */,
				E0F21CC723D9314A00489FC2 /* Assets.xcassets */,
				E0F21CC923D9314A00489FC2 /* LaunchScreen.storyboard */,
				E0F21CCC23D9314A00489FC2 /* Info.plist */,
				E0F21CC423D9314900489FC2 /* error404_FInalProject.xcdatamodeld */,
			);
			path = error404_FInalProject;
			sourceTree = "<group>";
		};
		E0F21CD423D939A700489FC2 /* Model Class */ = {
			isa = PBXGroup;
			children = (
				E0F21CD723D93A0400489FC2 /* Note.swift */,
				E09506AE23DF8B3E00EBFFF0 /* PopupViewController.swift */,
			);
			path = "Model Class";
			sourceTree = "<group>";
		};
		E0F21CD923D93AA600489FC2 /* View Controllers */ = {
			isa = PBXGroup;
			children = (
				E0F21CD223D931A100489FC2 /* CategoryTableViewController.swift */,
				E08F3C5F23D9486900069ED2 /* NotesTableViewController.swift */,
				E08F3C6723DA5A8E00069ED2 /* DetailTaskViewController.swift */,
				E08F3C6923DA5CED00069ED2 /* mapLocationViewController.swift */,
				E09506A623DE4A1800EBFFF0 /* ChooseCategoryTableViewController.swift */,
				E09506AA23DF783F00EBFFF0 /* AddNewNoteViewController.swift */,
			);
			path = "View Controllers";
			sourceTree = "<group>";
		};
/* End PBXGroup section */

/* Begin PBXNativeTarget section */
		E0F21CB723D9314900489FC2 /* error404_FInalProject */ = {
			isa = PBXNativeTarget;
			buildConfigurationList = E0F21CCF23D9314A00489FC2 /* Build configuration list for PBXNativeTarget "error404_FInalProject" */;
			buildPhases = (
				E0F21CB423D9314900489FC2 /* Sources */,
				E0F21CB523D9314900489FC2 /* Frameworks */,
				E0F21CB623D9314900489FC2 /* Resources */,
			);
			buildRules = (
			);
			dependencies = (
			);
			name = error404_FInalProject;
			productName = error404_FInalProject;
			productReference = E0F21CB823D9314900489FC2 /* error404_FInalProject.app */;
			productType = "com.apple.product-type.application";
		};
/* End PBXNativeTarget section */

/* Begin PBXProject section */
		E0F21CB023D9314900489FC2 /* Project object */ = {
			isa = PBXProject;
			attributes = {
				LastSwiftUpdateCheck = 1130;
				LastUpgradeCheck = 1130;
				ORGANIZATIONNAME = "Rizul goyal";
				TargetAttributes = {
					E0F21CB723D9314900489FC2 = {
						CreatedOnToolsVersion = 11.3;
					};
				};
			};
			buildConfigurationList = E0F21CB323D9314900489FC2 /* Build configuration list for PBXProject "error404_FInalProject" */;
			compatibilityVersion = "Xcode 9.3";
			developmentRegion = en;
			hasScannedForEncodings = 0;
			knownRegions = (
				en,
				Base,
			);
			mainGroup = E0F21CAF23D9314900489FC2;
			productRefGroup = E0F21CB923D9314900489FC2 /* Products */;
			projectDirPath = "";
			projectRoot = "";
			targets = (
				E0F21CB723D9314900489FC2 /* error404_FInalProject */,
			);
		};
/* End PBXProject section */

/* Begin PBXResourcesBuildPhase section */
		E0F21CB623D9314900489FC2 /* Resources */ = {
			isa = PBXResourcesBuildPhase;
			buildActionMask = 2147483647;
			files = (
				E0BC002523DD0DBF0086DA46 /* camera.png in Resources */,
				E0BC001723DD0C470086DA46 /* music-and-multimedia.png in Resources */,
				E0BC001D23DD0C570086DA46 /* shutter.png in Resources */,
				E0F21CCB23D9314A00489FC2 /* LaunchScreen.storyboard in Resources */,
				E0BC001C23DD0C570086DA46 /* trash.png in Resources */,
				E0F21CC823D9314A00489FC2 /* Assets.xcassets in Resources */,
				E0BC002223DD0DBF0086DA46 /* microphone.png in Resources */,
				E0BC001B23DD0C570086DA46 /* pin.png in Resources */,
				E0BC002323DD0DBF0086DA46 /* pin (1).png in Resources */,
				E0F21CC323D9314900489FC2 /* Main.storyboard in Resources */,
				E0BC002423DD0DBF0086DA46 /* bin.png in Resources */,
				E09506A123DE1DAB00EBFFF0 /* sort.png in Resources */,
			);
			runOnlyForDeploymentPostprocessing = 0;
		};
/* End PBXResourcesBuildPhase section */

/* Begin PBXSourcesBuildPhase section */
		E0F21CB423D9314900489FC2 /* Sources */ = {
			isa = PBXSourcesBuildPhase;
			buildActionMask = 2147483647;
			files = (
				E0F21CC623D9314900489FC2 /* error404_FInalProject.xcdatamodeld in Sources */,
				E08F3C6023D9486900069ED2 /* NotesTableViewController.swift in Sources */,
				E0F21CD323D931A100489FC2 /* CategoryTableViewController.swift in Sources */,
				E0F21CBC23D9314900489FC2 /* AppDelegate.swift in Sources */,
				E09506A923DE4CAD00EBFFF0 /* ChooseCategoryTableViewCell.swift in Sources */,
				E08F3C6A23DA5CED00069ED2 /* mapLocationViewController.swift in Sources */,
				E08F3C5E23D9411C00069ED2 /* CategoryTableViewCell.swift in Sources */,
				E09506A723DE4A1800EBFFF0 /* ChooseCategoryTableViewController.swift in Sources */,
				E08F3C6423D9592700069ED2 /* NotesTableViewCell.swift in Sources */,
				E0F21CBE23D9314900489FC2 /* SceneDelegate.swift in Sources */,
				E09506AB23DF783F00EBFFF0 /* AddNewNoteViewController.swift in Sources */,
				E08F3C6823DA5A8E00069ED2 /* DetailTaskViewController.swift in Sources */,
				E0F21CD823D93A0400489FC2 /* Note.swift in Sources */,
				E09506AF23DF8B3E00EBFFF0 /* PopupViewController.swift in Sources */,
			);
			runOnlyForDeploymentPostprocessing = 0;
		};
/* End PBXSourcesBuildPhase section */

/* Begin PBXVariantGroup section */
		E0F21CC123D9314900489FC2 /* Main.storyboard */ = {
			isa = PBXVariantGroup;
			children = (
				E0F21CC223D9314900489FC2 /* Base */,
			);
			name = Main.storyboard;
			sourceTree = "<group>";
		};
		E0F21CC923D9314A00489FC2 /* LaunchScreen.storyboard */ = {
			isa = PBXVariantGroup;
			children = (
				E0F21CCA23D9314A00489FC2 /* Base */,
			);
			name = LaunchScreen.storyboard;
			sourceTree = "<group>";
		};
/* End PBXVariantGroup section */

/* Begin XCBuildConfiguration section */
		E0F21CCD23D9314A00489FC2 /* Debug */ = {
			isa = XCBuildConfiguration;
			buildSettings = {
				ALWAYS_SEARCH_USER_PATHS = NO;
				CLANG_ANALYZER_NONNULL = YES;
				CLANG_ANALYZER_NUMBER_OBJECT_CONVERSION = YES_AGGRESSIVE;
				CLANG_CXX_LANGUAGE_STANDARD = "gnu++14";
				CLANG_CXX_LIBRARY = "libc++";
				CLANG_ENABLE_MODULES = YES;
				CLANG_ENABLE_OBJC_ARC = YES;
				CLANG_ENABLE_OBJC_WEAK = YES;
				CLANG_WARN_BLOCK_CAPTURE_AUTORELEASING = YES;
				CLANG_WARN_BOOL_CONVERSION = YES;
				CLANG_WARN_COMMA = YES;
				CLANG_WARN_CONSTANT_CONVERSION = YES;
				CLANG_WARN_DEPRECATED_OBJC_IMPLEMENTATIONS = YES;
				CLANG_WARN_DIRECT_OBJC_ISA_USAGE = YES_ERROR;
				CLANG_WARN_DOCUMENTATION_COMMENTS = YES;
				CLANG_WARN_EMPTY_BODY = YES;
				CLANG_WARN_ENUM_CONVERSION = YES;
				CLANG_WARN_INFINITE_RECURSION = YES;
				CLANG_WARN_INT_CONVERSION = YES;
				CLANG_WARN_NON_LITERAL_NULL_CONVERSION = YES;
				CLANG_WARN_OBJC_IMPLICIT_RETAIN_SELF = YES;
				CLANG_WARN_OBJC_LITERAL_CONVERSION = YES;
				CLANG_WARN_OBJC_ROOT_CLASS = YES_ERROR;
				CLANG_WARN_RANGE_LOOP_ANALYSIS = YES;
				CLANG_WARN_STRICT_PROTOTYPES = YES;
				CLANG_WARN_SUSPICIOUS_MOVE = YES;
				CLANG_WARN_UNGUARDED_AVAILABILITY = YES_AGGRESSIVE;
				CLANG_WARN_UNREACHABLE_CODE = YES;
				CLANG_WARN__DUPLICATE_METHOD_MATCH = YES;
				COPY_PHASE_STRIP = NO;
				DEBUG_INFORMATION_FORMAT = dwarf;
				ENABLE_STRICT_OBJC_MSGSEND = YES;
				ENABLE_TESTABILITY = YES;
				GCC_C_LANGUAGE_STANDARD = gnu11;
				GCC_DYNAMIC_NO_PIC = NO;
				GCC_NO_COMMON_BLOCKS = YES;
				GCC_OPTIMIZATION_LEVEL = 0;
				GCC_PREPROCESSOR_DEFINITIONS = (
					"DEBUG=1",
					"$(inherited)",
				);
				GCC_WARN_64_TO_32_BIT_CONVERSION = YES;
				GCC_WARN_ABOUT_RETURN_TYPE = YES_ERROR;
				GCC_WARN_UNDECLARED_SELECTOR = YES;
				GCC_WARN_UNINITIALIZED_AUTOS = YES_AGGRESSIVE;
				GCC_WARN_UNUSED_FUNCTION = YES;
				GCC_WARN_UNUSED_VARIABLE = YES;
				IPHONEOS_DEPLOYMENT_TARGET = 13.2;
				MTL_ENABLE_DEBUG_INFO = INCLUDE_SOURCE;
				MTL_FAST_MATH = YES;
				ONLY_ACTIVE_ARCH = YES;
				SDKROOT = iphoneos;
				SWIFT_ACTIVE_COMPILATION_CONDITIONS = DEBUG;
				SWIFT_OPTIMIZATION_LEVEL = "-Onone";
			};
			name = Debug;
		};
		E0F21CCE23D9314A00489FC2 /* Release */ = {
			isa = XCBuildConfiguration;
			buildSettings = {
				ALWAYS_SEARCH_USER_PATHS = NO;
				CLANG_ANALYZER_NONNULL = YES;
				CLANG_ANALYZER_NUMBER_OBJECT_CONVERSION = YES_AGGRESSIVE;
				CLANG_CXX_LANGUAGE_STANDARD = "gnu++14";
				CLANG_CXX_LIBRARY = "libc++";
				CLANG_ENABLE_MODULES = YES;
				CLANG_ENABLE_OBJC_ARC = YES;
				CLANG_ENABLE_OBJC_WEAK = YES;
				CLANG_WARN_BLOCK_CAPTURE_AUTORELEASING = YES;
				CLANG_WARN_BOOL_CONVERSION = YES;
				CLANG_WARN_COMMA = YES;
				CLANG_WARN_CONSTANT_CONVERSION = YES;
				CLANG_WARN_DEPRECATED_OBJC_IMPLEMENTATIONS = YES;
				CLANG_WARN_DIRECT_OBJC_ISA_USAGE = YES_ERROR;
				CLANG_WARN_DOCUMENTATION_COMMENTS = YES;
				CLANG_WARN_EMPTY_BODY = YES;
				CLANG_WARN_ENUM_CONVERSION = YES;
				CLANG_WARN_INFINITE_RECURSION = YES;
				CLANG_WARN_INT_CONVERSION = YES;
				CLANG_WARN_NON_LITERAL_NULL_CONVERSION = YES;
				CLANG_WARN_OBJC_IMPLICIT_RETAIN_SELF = YES;
				CLANG_WARN_OBJC_LITERAL_CONVERSION = YES;
				CLANG_WARN_OBJC_ROOT_CLASS = YES_ERROR;
				CLANG_WARN_RANGE_LOOP_ANALYSIS = YES;
				CLANG_WARN_STRICT_PROTOTYPES = YES;
				CLANG_WARN_SUSPICIOUS_MOVE = YES;
				CLANG_WARN_UNGUARDED_AVAILABILITY = YES_AGGRESSIVE;
				CLANG_WARN_UNREACHABLE_CODE = YES;
				CLANG_WARN__DUPLICATE_METHOD_MATCH = YES;
				COPY_PHASE_STRIP = NO;
				DEBUG_INFORMATION_FORMAT = "dwarf-with-dsym";
				ENABLE_NS_ASSERTIONS = NO;
				ENABLE_STRICT_OBJC_MSGSEND = YES;
				GCC_C_LANGUAGE_STANDARD = gnu11;
				GCC_NO_COMMON_BLOCKS = YES;
				GCC_WARN_64_TO_32_BIT_CONVERSION = YES;
				GCC_WARN_ABOUT_RETURN_TYPE = YES_ERROR;
				GCC_WARN_UNDECLARED_SELECTOR = YES;
				GCC_WARN_UNINITIALIZED_AUTOS = YES_AGGRESSIVE;
				GCC_WARN_UNUSED_FUNCTION = YES;
				GCC_WARN_UNUSED_VARIABLE = YES;
				IPHONEOS_DEPLOYMENT_TARGET = 13.2;
				MTL_ENABLE_DEBUG_INFO = NO;
				MTL_FAST_MATH = YES;
				SDKROOT = iphoneos;
				SWIFT_COMPILATION_MODE = wholemodule;
				SWIFT_OPTIMIZATION_LEVEL = "-O";
				VALIDATE_PRODUCT = YES;
			};
			name = Release;
		};
		E0F21CD023D9314A00489FC2 /* Debug */ = {
			isa = XCBuildConfiguration;
			buildSettings = {
				ASSETCATALOG_COMPILER_APPICON_NAME = AppIcon;
				CODE_SIGN_STYLE = Automatic;
				DEVELOPMENT_TEAM = V3JMM4CA4U;
				INFOPLIST_FILE = error404_FInalProject/Info.plist;
				LD_RUNPATH_SEARCH_PATHS = (
					"$(inherited)",
					"@executable_path/Frameworks",
				);
				PRODUCT_BUNDLE_IDENTIFIER = "Rizul.error404-FInalProject";
				PRODUCT_NAME = "$(TARGET_NAME)";
				SWIFT_VERSION = 5.0;
				TARGETED_DEVICE_FAMILY = "1,2";
			};
			name = Debug;
		};
		E0F21CD123D9314A00489FC2 /* Release */ = {
			isa = XCBuildConfiguration;
			buildSettings = {
				ASSETCATALOG_COMPILER_APPICON_NAME = AppIcon;
				CODE_SIGN_STYLE = Automatic;
				DEVELOPMENT_TEAM = V3JMM4CA4U;
				INFOPLIST_FILE = error404_FInalProject/Info.plist;
				LD_RUNPATH_SEARCH_PATHS = (
					"$(inherited)",
					"@executable_path/Frameworks",
				);
				PRODUCT_BUNDLE_IDENTIFIER = "Rizul.error404-FInalProject";
				PRODUCT_NAME = "$(TARGET_NAME)";
				SWIFT_VERSION = 5.0;
				TARGETED_DEVICE_FAMILY = "1,2";
			};
			name = Release;
		};
/* End XCBuildConfiguration section */

/* Begin XCConfigurationList section */
		E0F21CB323D9314900489FC2 /* Build configuration list for PBXProject "error404_FInalProject" */ = {
			isa = XCConfigurationList;
			buildConfigurations = (
				E0F21CCD23D9314A00489FC2 /* Debug */,
				E0F21CCE23D9314A00489FC2 /* Release */,
			);
			defaultConfigurationIsVisible = 0;
			defaultConfigurationName = Release;
		};
		E0F21CCF23D9314A00489FC2 /* Build configuration list for PBXNativeTarget "error404_FInalProject" */ = {
			isa = XCConfigurationList;
			buildConfigurations = (
				E0F21CD023D9314A00489FC2 /* Debug */,
				E0F21CD123D9314A00489FC2 /* Release */,
			);
			defaultConfigurationIsVisible = 0;
			defaultConfigurationName = Release;
		};
/* End XCConfigurationList section */

/* Begin XCVersionGroup section */
		E0F21CC423D9314900489FC2 /* error404_FInalProject.xcdatamodeld */ = {
			isa = XCVersionGroup;
			children = (
				E0F21CC523D9314900489FC2 /* error404_FInalProject.xcdatamodel */,
			);
			currentVersion = E0F21CC523D9314900489FC2 /* error404_FInalProject.xcdatamodel */;
			path = error404_FInalProject.xcdatamodeld;
			sourceTree = "<group>";
			versionGroupType = wrapper.xcdatamodel;
		};
/* End XCVersionGroup section */
	};
	rootObject = E0F21CB023D9314900489FC2 /* Project object */;
}
